# This file is automatically @generated by Cargo.
# It is not intended for manual editing.
version = 4

[[package]]
name = "foldback-cli"
version = "0.0.1"

[[package]]
name = "foldback-core"
version = "0.0.1"

[[package]]
name = "foldback-rs"
version = "0.0.1"

[[package]]
name = "foldback-sys"
version = "0.0.1"
